
Microsoft Visual Studio Solution File, Format Version 12.00
# Visual Studio Version 16
VisualStudioVersion = 16.0.34114.132
MinimumVisualStudioVersion = 10.0.40219.1
Project("{9092AA53-FB77-4645-B42D-1CCCA6BD08BD}") = "AES", "AES\AES.njsproj", "{DA47F2AA-BB1C-49C7-955B-FA7267B36B09}"
EndProject
Project("{2150E333-8FDC-42A3-9474-1A3956D46DE8}") = "src", "src", "{251C2407-FD34-40B9-8D79-A61451FC3920}"
EndProject
Global
	GlobalSection(SolutionConfigurationPlatforms) = preSolution
		Debug|Any CPU = Debug|Any CPU
		Release|Any CPU = Release|Any CPU
	EndGlobalSection
	GlobalSection(ProjectConfigurationPlatforms) = postSolution
		{DA47F2AA-BB1C-49C7-955B-FA7267B36B09}.Debug|Any CPU.ActiveCfg = Debug|Any CPU
		{DA47F2AA-BB1C-49C7-955B-FA7267B36B09}.Debug|Any CPU.Build.0 = Debug|Any CPU
		{DA47F2AA-BB1C-49C7-955B-FA7267B36B09}.Release|Any CPU.ActiveCfg = Release|Any CPU
		{DA47F2AA-BB1C-49C7-955B-FA7267B36B09}.Release|Any CPU.Build.0 = Release|Any CPU
	EndGlobalSection
	GlobalSection(SolutionProperties) = preSolution
		HideSolutionNode = FALSE
	EndGlobalSection
	GlobalSection(ExtensibilityGlobals) = postSolution
		SolutionGuid = {B96A3FB2-8BC2-4B7A-B083-0E7F15C6DAB5}
	EndGlobalSection
EndGlobal
